{
  "requires": true,
  "lockfileVersion": 1,
  "dependencies": {
    "@react-pdf-viewer/attachment": {
      "version": "2.7.1",
      "resolved": "https://registry.npmjs.org/@react-pdf-viewer/attachment/-/attachment-2.7.1.tgz",
      "integrity": "sha512-mIqqzLZdFmo30nKzIctEsjpUTPWXhsR7VsdM1hGff5U8YLblbhi0PJpG5DHjRjLmd6dhNdFNht9X7MEvcgmBGg==",
      "requires": {
        "@react-pdf-viewer/core": "2.7.1"
      },
      "dependencies": {
        "@react-pdf-viewer/core": {
          "version": "2.7.1",
          "resolved": "https://registry.npmjs.org/@react-pdf-viewer/core/-/core-2.7.1.tgz",
          "integrity": "sha512-WHxiGTekrKHWMUCguX/xsNz8Hl2l2xdWNq4eVdQgA8UNsKk1s9YbpEC/jK8bKpDZw4a4G4nP2pbIUbd7tUmSjQ=="
        }
      }
    },
    "@react-pdf-viewer/bookmark": {
      "version": "2.7.1",
      "resolved": "https://registry.npmjs.org/@react-pdf-viewer/bookmark/-/bookmark-2.7.1.tgz",
      "integrity": "sha512-RF8Jru40w+xgS3lLqflyoU6y0B1e2aqdUKhCBu2Wo1CPBE3daBRWPjZDBmy26iLYcsC6w/i9ZE/cdJsqrVyJEQ==",
      "requires": {
        "@react-pdf-viewer/core": "2.7.1"
      },
      "dependencies": {
        "@react-pdf-viewer/core": {
          "version": "2.7.1",
          "resolved": "https://registry.npmjs.org/@react-pdf-viewer/core/-/core-2.7.1.tgz",
          "integrity": "sha512-WHxiGTekrKHWMUCguX/xsNz8Hl2l2xdWNq4eVdQgA8UNsKk1s9YbpEC/jK8bKpDZw4a4G4nP2pbIUbd7tUmSjQ=="
        }
      }
    },
    "@react-pdf-viewer/core": {
      "version": "2.4.1",
      "resolved": "https://registry.npmjs.org/@react-pdf-viewer/core/-/core-2.4.1.tgz",
      "integrity": "sha512-K1wmjYdp6Df0WLT2sSUnHIpXP2usSediYUWZoc2CC2GMo8ZPLNZuhvYckd9LNbdEicHv5NQxoE0tRtjPEd0jXQ=="
    },
    "@react-pdf-viewer/default-layout": {
      "version": "2.7.1",
      "resolved": "https://registry.npmjs.org/@react-pdf-viewer/default-layout/-/default-layout-2.7.1.tgz",
      "integrity": "sha512-xgJK/OCIpwBW6jXbLuDKgrNjLhx9UwcG9BQHnNYtPor1knqDbw9j0cvROFaNAp9/ObOqkPUjuFRid9waFru3Bg==",
      "requires": {
        "@react-pdf-viewer/attachment": "2.7.1",
        "@react-pdf-viewer/bookmark": "2.7.1",
        "@react-pdf-viewer/core": "2.7.1",
        "@react-pdf-viewer/thumbnail": "2.7.1",
        "@react-pdf-viewer/toolbar": "2.7.1"
      },
      "dependencies": {
        "@react-pdf-viewer/core": {
          "version": "2.7.1",
          "resolved": "https://registry.npmjs.org/@react-pdf-viewer/core/-/core-2.7.1.tgz",
          "integrity": "sha512-WHxiGTekrKHWMUCguX/xsNz8Hl2l2xdWNq4eVdQgA8UNsKk1s9YbpEC/jK8bKpDZw4a4G4nP2pbIUbd7tUmSjQ=="
        }
      }
    },
    "@react-pdf-viewer/full-screen": {
      "version": "2.7.1",
      "resolved": "https://registry.npmjs.org/@react-pdf-viewer/full-screen/-/full-screen-2.7.1.tgz",
      "integrity": "sha512-wRAXQsvwTNn4VB0cbbC6TPP/rOkBzNDhOKQqxpsxs8+Y9m2NlnpcsB9nWzrnol6mII41Io5h2K+w2IBz28kapg==",
      "requires": {
        "@react-pdf-viewer/core": "2.7.1"
      },
      "dependencies": {
        "@react-pdf-viewer/core": {
          "version": "2.7.1",
          "resolved": "https://registry.npmjs.org/@react-pdf-viewer/core/-/core-2.7.1.tgz",
          "integrity": "sha512-WHxiGTekrKHWMUCguX/xsNz8Hl2l2xdWNq4eVdQgA8UNsKk1s9YbpEC/jK8bKpDZw4a4G4nP2pbIUbd7tUmSjQ=="
        }
      }
    },
    "@react-pdf-viewer/get-file": {
      "version": "2.7.1",
      "resolved": "https://registry.npmjs.org/@react-pdf-viewer/get-file/-/get-file-2.7.1.tgz",
      "integrity": "sha512-OdUjS23js7hCvGaqmToo44drWKHyaBGPYFpTHyYNymUj6kaI4FsxnS0LuFuCAUlx21KwtSfcpAgQzeEX2Mi5HQ==",
      "requires": {
        "@react-pdf-viewer/core": "2.7.1"
      },
      "dependencies": {
        "@react-pdf-viewer/core": {
          "version": "2.7.1",
          "resolved": "https://registry.npmjs.org/@react-pdf-viewer/core/-/core-2.7.1.tgz",
          "integrity": "sha512-WHxiGTekrKHWMUCguX/xsNz8Hl2l2xdWNq4eVdQgA8UNsKk1s9YbpEC/jK8bKpDZw4a4G4nP2pbIUbd7tUmSjQ=="
        }
      }
    },
    "@react-pdf-viewer/open": {
      "version": "2.7.1",
      "resolved": "https://registry.npmjs.org/@react-pdf-viewer/open/-/open-2.7.1.tgz",
      "integrity": "sha512-gnKB47A12auXqOMe0UHK9ZSPaaKbbe8sReWj9hewfhXNdIU/zaX6b33h2AA6aPDZAS8YOA6UY2j7p+cxmgYnMw==",
      "requires": {
        "@react-pdf-viewer/core": "2.7.1"
      },
      "dependencies": {
        "@react-pdf-viewer/core": {
          "version": "2.7.1",
          "resolved": "https://registry.npmjs.org/@react-pdf-viewer/core/-/core-2.7.1.tgz",
          "integrity": "sha512-WHxiGTekrKHWMUCguX/xsNz8Hl2l2xdWNq4eVdQgA8UNsKk1s9YbpEC/jK8bKpDZw4a4G4nP2pbIUbd7tUmSjQ=="
        }
      }
    },
    "@react-pdf-viewer/page-navigation": {
      "version": "2.7.1",
      "resolved": "https://registry.npmjs.org/@react-pdf-viewer/page-navigation/-/page-navigation-2.7.1.tgz",
      "integrity": "sha512-yH/jVFLDgEhMHQ6rdzp4o01LG8ezKpLaz212e5n3mSI5fDQmJoGrXFpyJ+SP+/YbqIXUf1X5DI8fqp4MZ8hbNA==",
      "requires": {
        "@react-pdf-viewer/core": "2.7.1"
      },
      "dependencies": {
        "@react-pdf-viewer/core": {
          "version": "2.7.1",
          "resolved": "https://registry.npmjs.org/@react-pdf-viewer/core/-/core-2.7.1.tgz",
          "integrity": "sha512-WHxiGTekrKHWMUCguX/xsNz8Hl2l2xdWNq4eVdQgA8UNsKk1s9YbpEC/jK8bKpDZw4a4G4nP2pbIUbd7tUmSjQ=="
        }
      }
    },
    "@react-pdf-viewer/print": {
      "version": "2.7.1",
      "resolved": "https://registry.npmjs.org/@react-pdf-viewer/print/-/print-2.7.1.tgz",
      "integrity": "sha512-MDPfJeeAaAol8avhDx8CMP22IbkGbNXpSb80gJyUG14rnLn8O+4aUo4/AZOnfVZ1UvWL96LiKWH1r6g6SnLimA==",
      "requires": {
        "@react-pdf-viewer/core": "2.7.1"
      },
      "dependencies": {
        "@react-pdf-viewer/core": {
          "version": "2.7.1",
          "resolved": "https://registry.npmjs.org/@react-pdf-viewer/core/-/core-2.7.1.tgz",
          "integrity": "sha512-WHxiGTekrKHWMUCguX/xsNz8Hl2l2xdWNq4eVdQgA8UNsKk1s9YbpEC/jK8bKpDZw4a4G4nP2pbIUbd7tUmSjQ=="
        }
      }
    },
    "@react-pdf-viewer/properties": {
      "version": "2.7.1",
      "resolved": "https://registry.npmjs.org/@react-pdf-viewer/properties/-/properties-2.7.1.tgz",
      "integrity": "sha512-mXhFcSwLpeXw1s2vPZWlZWeJ4z6ZFRSoe7YFy6aR39m4eBQIK0KPQj2FSB+reZmzolr+CmxFvfEFd0BgS2izJw==",
      "requires": {
        "@react-pdf-viewer/core": "2.7.1"
      },
      "dependencies": {
        "@react-pdf-viewer/core": {
          "version": "2.7.1",
          "resolved": "https://registry.npmjs.org/@react-pdf-viewer/core/-/core-2.7.1.tgz",
          "integrity": "sha512-WHxiGTekrKHWMUCguX/xsNz8Hl2l2xdWNq4eVdQgA8UNsKk1s9YbpEC/jK8bKpDZw4a4G4nP2pbIUbd7tUmSjQ=="
        }
      }
    },
    "@react-pdf-viewer/rotate": {
      "version": "2.7.1",
      "resolved": "https://registry.npmjs.org/@react-pdf-viewer/rotate/-/rotate-2.7.1.tgz",
      "integrity": "sha512-NTGHHsZR1dHjdDjva1gqVt6zZ636uf1zik8p6g9bBNRQsR/JcUEeCpK4AQHqNM+JA6sCwBuBYU3k0UdE9zJJuA==",
      "requires": {
        "@react-pdf-viewer/core": "2.7.1"
      },
      "dependencies": {
        "@react-pdf-viewer/core": {
          "version": "2.7.1",
          "resolved": "https://registry.npmjs.org/@react-pdf-viewer/core/-/core-2.7.1.tgz",
          "integrity": "sha512-WHxiGTekrKHWMUCguX/xsNz8Hl2l2xdWNq4eVdQgA8UNsKk1s9YbpEC/jK8bKpDZw4a4G4nP2pbIUbd7tUmSjQ=="
        }
      }
    },
    "@react-pdf-viewer/scroll-mode": {
      "version": "2.7.1",
      "resolved": "https://registry.npmjs.org/@react-pdf-viewer/scroll-mode/-/scroll-mode-2.7.1.tgz",
      "integrity": "sha512-kwukPl/Z1n/Trr5o0Uxez+2tEJmcIEUNtWCIJOa6byn8GPmUxT6N2v0kkLc+hFSyXGkT8fGcsVkQyp3RVX4w3w==",
      "requires": {
        "@react-pdf-viewer/core": "2.7.1"
      },
      "dependencies": {
        "@react-pdf-viewer/core": {
          "version": "2.7.1",
          "resolved": "https://registry.npmjs.org/@react-pdf-viewer/core/-/core-2.7.1.tgz",
          "integrity": "sha512-WHxiGTekrKHWMUCguX/xsNz8Hl2l2xdWNq4eVdQgA8UNsKk1s9YbpEC/jK8bKpDZw4a4G4nP2pbIUbd7tUmSjQ=="
        }
      }
    },
    "@react-pdf-viewer/search": {
      "version": "2.7.1",
      "resolved": "https://registry.npmjs.org/@react-pdf-viewer/search/-/search-2.7.1.tgz",
      "integrity": "sha512-rJ/JM55Nf8qBHPHcnFf1YlIBqoOk0PqPHG+OhPLVwU2HAmQgggJ0TbLasD3s25qkpSP5gFHwv0E+Ur0RkAiFPw==",
      "requires": {
        "@react-pdf-viewer/core": "2.7.1"
      },
      "dependencies": {
        "@react-pdf-viewer/core": {
          "version": "2.7.1",
          "resolved": "https://registry.npmjs.org/@react-pdf-viewer/core/-/core-2.7.1.tgz",
          "integrity": "sha512-WHxiGTekrKHWMUCguX/xsNz8Hl2l2xdWNq4eVdQgA8UNsKk1s9YbpEC/jK8bKpDZw4a4G4nP2pbIUbd7tUmSjQ=="
        }
      }
    },
    "@react-pdf-viewer/selection-mode": {
      "version": "2.7.1",
      "resolved": "https://registry.npmjs.org/@react-pdf-viewer/selection-mode/-/selection-mode-2.7.1.tgz",
      "integrity": "sha512-N0r4oYPMNbaEE8eCmpb2otFheX/94LVFG0GTCfgbmxPD98f3UM2lPs5uoLxrjuBXoQnERW+dCU2WQjJHlLkvgw==",
      "requires": {
        "@react-pdf-viewer/core": "2.7.1"
      },
      "dependencies": {
        "@react-pdf-viewer/core": {
          "version": "2.7.1",
          "resolved": "https://registry.npmjs.org/@react-pdf-viewer/core/-/core-2.7.1.tgz",
          "integrity": "sha512-WHxiGTekrKHWMUCguX/xsNz8Hl2l2xdWNq4eVdQgA8UNsKk1s9YbpEC/jK8bKpDZw4a4G4nP2pbIUbd7tUmSjQ=="
        }
      }
    },
    "@react-pdf-viewer/theme": {
      "version": "2.7.1",
      "resolved": "https://registry.npmjs.org/@react-pdf-viewer/theme/-/theme-2.7.1.tgz",
      "integrity": "sha512-ve2UnM7lUt4wjcTCMRXLb0feDZ3EKaU4k3V8ZpcGTjIsRni/qJRCoiTchytuuuZFIuiBDbHr9WsQmHf4CbmBlA==",
      "requires": {
        "@react-pdf-viewer/core": "2.7.1"
      },
      "dependencies": {
        "@react-pdf-viewer/core": {
          "version": "2.7.1",
          "resolved": "https://registry.npmjs.org/@react-pdf-viewer/core/-/core-2.7.1.tgz",
          "integrity": "sha512-WHxiGTekrKHWMUCguX/xsNz8Hl2l2xdWNq4eVdQgA8UNsKk1s9YbpEC/jK8bKpDZw4a4G4nP2pbIUbd7tUmSjQ=="
        }
      }
    },
    "@react-pdf-viewer/thumbnail": {
      "version": "2.7.1",
      "resolved": "https://registry.npmjs.org/@react-pdf-viewer/thumbnail/-/thumbnail-2.7.1.tgz",
      "integrity": "sha512-B/dXgc0N76i7YUH5JOsPAlKMdajg4NVOVm8K2uSTafbC1XQh4uHJpetGMLqQrB6o6r4rEUSbOiRDYlDHNJUAcA==",
      "requires": {
        "@react-pdf-viewer/core": "2.7.1"
      },
      "dependencies": {
        "@react-pdf-viewer/core": {
          "version": "2.7.1",
          "resolved": "https://registry.npmjs.org/@react-pdf-viewer/core/-/core-2.7.1.tgz",
          "integrity": "sha512-WHxiGTekrKHWMUCguX/xsNz8Hl2l2xdWNq4eVdQgA8UNsKk1s9YbpEC/jK8bKpDZw4a4G4nP2pbIUbd7tUmSjQ=="
        }
      }
    },
    "@react-pdf-viewer/toolbar": {
      "version": "2.7.1",
      "resolved": "https://registry.npmjs.org/@react-pdf-viewer/toolbar/-/toolbar-2.7.1.tgz",
      "integrity": "sha512-hAQRn5zl42akJ4R2NUFQY/ZUcLvsKybRJPcmIj9kn5mubSUgED00pSTsGnYQguFNjxE8E4qoIRaJKfgaNfK03w==",
      "requires": {
        "@react-pdf-viewer/core": "2.7.1",
        "@react-pdf-viewer/full-screen": "2.7.1",
        "@react-pdf-viewer/get-file": "2.7.1",
        "@react-pdf-viewer/open": "2.7.1",
        "@react-pdf-viewer/page-navigation": "2.7.1",
        "@react-pdf-viewer/print": "2.7.1",
        "@react-pdf-viewer/properties": "2.7.1",
        "@react-pdf-viewer/rotate": "2.7.1",
        "@react-pdf-viewer/scroll-mode": "2.7.1",
        "@react-pdf-viewer/search": "2.7.1",
        "@react-pdf-viewer/selection-mode": "2.7.1",
        "@react-pdf-viewer/theme": "2.7.1",
        "@react-pdf-viewer/zoom": "2.7.1"
      },
      "dependencies": {
        "@react-pdf-viewer/core": {
          "version": "2.7.1",
          "resolved": "https://registry.npmjs.org/@react-pdf-viewer/core/-/core-2.7.1.tgz",
          "integrity": "sha512-WHxiGTekrKHWMUCguX/xsNz8Hl2l2xdWNq4eVdQgA8UNsKk1s9YbpEC/jK8bKpDZw4a4G4nP2pbIUbd7tUmSjQ=="
        }
      }
    },
    "@react-pdf-viewer/zoom": {
      "version": "2.7.1",
      "resolved": "https://registry.npmjs.org/@react-pdf-viewer/zoom/-/zoom-2.7.1.tgz",
      "integrity": "sha512-H4EzwYNDEwO6ISW/+SEs4IQOhvK/ckp0F9B45MtAK7zKBiiAxW626nGWneNvcXdGvsl8eXf7GSFhwzuEveUGPA==",
      "requires": {
        "@react-pdf-viewer/core": "2.7.1"
      },
      "dependencies": {
        "@react-pdf-viewer/core": {
          "version": "2.7.1",
          "resolved": "https://registry.npmjs.org/@react-pdf-viewer/core/-/core-2.7.1.tgz",
          "integrity": "sha512-WHxiGTekrKHWMUCguX/xsNz8Hl2l2xdWNq4eVdQgA8UNsKk1s9YbpEC/jK8bKpDZw4a4G4nP2pbIUbd7tUmSjQ=="
        }
      }
    },
    "pdfjs-dist": {
      "version": "2.6.347",
      "resolved": "https://registry.npmjs.org/pdfjs-dist/-/pdfjs-dist-2.6.347.tgz",
      "integrity": "sha512-QC+h7hG2su9v/nU1wEI3SnpPIrqJODL7GTDFvR74ANKGq1AFJW16PH8VWnhpiTi9YcLSFV9xLeWSgq+ckHLdVQ=="
    }
  }
}
